
Microsoft Visual Studio Solution File, Format Version 12.00
# Visual Studio Version 17
VisualStudioVersion = 17.14.36414.22
MinimumVisualStudioVersion = 10.0.40219.1
Project("{FAE04EC0-301F-11D3-BF4B-00C04F79EFBC}") = "AcornDB", "AcornDB\AcornDB.csproj", "{6183F7D3-A097-41C2-9FD5-AD92EC9F90D8}"
EndProject
Project("{FAE04EC0-301F-11D3-BF4B-00C04F79EFBC}") = "AcornDB.Canopy", "AcornDB.Canopy\AcornDB.Canopy.csproj", "{6BEF9757-CBA2-4F6A-B2C0-8923321F4726}"
EndProject
Project("{FAE04EC0-301F-11D3-BF4B-00C04F79EFBC}") = "AcornDB.Demo", "AcornDB.Demo\AcornDB.Demo.csproj", "{55EB8A82-EDAA-463C-B1F9-D63D6EE596D0}"
EndProject
Project("{FAE04EC0-301F-11D3-BF4B-00C04F79EFBC}") = "AcornDB.Test", "AcornDB.Test\AcornDB.Test.csproj", "{F29C8317-87EF-449D-82ED-90EF5578150F}"
EndProject
Project("{FAE04EC0-301F-11D3-BF4B-00C04F79EFBC}") = "AcornSyncServer", "AcornSyncServer\AcornSyncServer.csproj", "{A7B8C9D0-1E2F-3A4B-5C6D-7E8F9A0B1C2D}"
EndProject
Project("{FAE04EC0-301F-11D3-BF4B-00C04F79EFBC}") = "SyncDemo", "SyncDemo\SyncDemo.csproj", "{B8C9D0E1-2F3A-4B5C-6D7E-8F9A0B1C2D3E}"
EndProject
Project("{FAE04EC0-301F-11D3-BF4B-00C04F79EFBC}") = "AcornVisualizer", "AcornVisualizer\AcornVisualizer.csproj", "{C9D0E1F2-3A4B-5C6D-7E8F-9A0B1C2D3E4F}"
EndProject
Project("{FAE04EC0-301F-11D3-BF4B-00C04F79EFBC}") = "AcornDB.Persistence.Cloud", "AcornDB.Persistence.Cloud\AcornDB.Persistence.Cloud.csproj", "{01DDE0C8-23B6-A6D2-6741-B8D7C1C5B014}"
EndProject
Project("{FAE04EC0-301F-11D3-BF4B-00C04F79EFBC}") = "AcornDB.Persistence.RDBMS", "AcornDB.Persistence.RDBMS\AcornDB.Persistence.RDBMS.csproj", "{C50CF170-95CB-9E89-BF4D-6921EE60EDFC}"
EndProject
Project("{FAE04EC0-301F-11D3-BF4B-00C04F79EFBC}") = "AcornDB.Benchmarks", "AcornDB.Benchmarks\AcornDB.Benchmarks.csproj", "{182B3651-4146-F034-1541-23A7FBE4F403}"
EndProject
Project("{FAE04EC0-301F-11D3-BF4B-00C04F79EFBC}") = "AcornDB.Cli", "AcornDB.Cli\AcornDB.Cli.csproj", "{BBCC0E15-23D7-8D00-CB38-6F2F1F0E5977}"
EndProject
Global
	GlobalSection(SolutionConfigurationPlatforms) = preSolution
		Debug|Any CPU = Debug|Any CPU
		Release|Any CPU = Release|Any CPU
	EndGlobalSection
	GlobalSection(ProjectConfigurationPlatforms) = postSolution
		{6183F7D3-A097-41C2-9FD5-AD92EC9F90D8}.Debug|Any CPU.ActiveCfg = Debug|Any CPU
		{6183F7D3-A097-41C2-9FD5-AD92EC9F90D8}.Debug|Any CPU.Build.0 = Debug|Any CPU
		{6183F7D3-A097-41C2-9FD5-AD92EC9F90D8}.Release|Any CPU.ActiveCfg = Release|Any CPU
		{6183F7D3-A097-41C2-9FD5-AD92EC9F90D8}.Release|Any CPU.Build.0 = Release|Any CPU
		{6BEF9757-CBA2-4F6A-B2C0-8923321F4726}.Debug|Any CPU.ActiveCfg = Debug|Any CPU
		{6BEF9757-CBA2-4F6A-B2C0-8923321F4726}.Debug|Any CPU.Build.0 = Debug|Any CPU
		{6BEF9757-CBA2-4F6A-B2C0-8923321F4726}.Release|Any CPU.ActiveCfg = Release|Any CPU
		{6BEF9757-CBA2-4F6A-B2C0-8923321F4726}.Release|Any CPU.Build.0 = Release|Any CPU
		{55EB8A82-EDAA-463C-B1F9-D63D6EE596D0}.Debug|Any CPU.ActiveCfg = Debug|Any CPU
		{55EB8A82-EDAA-463C-B1F9-D63D6EE596D0}.Debug|Any CPU.Build.0 = Debug|Any CPU
		{55EB8A82-EDAA-463C-B1F9-D63D6EE596D0}.Release|Any CPU.ActiveCfg = Release|Any CPU
		{55EB8A82-EDAA-463C-B1F9-D63D6EE596D0}.Release|Any CPU.Build.0 = Release|Any CPU
		{F29C8317-87EF-449D-82ED-90EF5578150F}.Debug|Any CPU.ActiveCfg = Debug|Any CPU
		{F29C8317-87EF-449D-82ED-90EF5578150F}.Debug|Any CPU.Build.0 = Debug|Any CPU
		{F29C8317-87EF-449D-82ED-90EF5578150F}.Release|Any CPU.ActiveCfg = Release|Any CPU
		{F29C8317-87EF-449D-82ED-90EF5578150F}.Release|Any CPU.Build.0 = Release|Any CPU
		{A7B8C9D0-1E2F-3A4B-5C6D-7E8F9A0B1C2D}.Debug|Any CPU.ActiveCfg = Debug|Any CPU
		{A7B8C9D0-1E2F-3A4B-5C6D-7E8F9A0B1C2D}.Debug|Any CPU.Build.0 = Debug|Any CPU
		{A7B8C9D0-1E2F-3A4B-5C6D-7E8F9A0B1C2D}.Release|Any CPU.ActiveCfg = Release|Any CPU
		{A7B8C9D0-1E2F-3A4B-5C6D-7E8F9A0B1C2D}.Release|Any CPU.Build.0 = Release|Any CPU
		{B8C9D0E1-2F3A-4B5C-6D7E-8F9A0B1C2D3E}.Debug|Any CPU.ActiveCfg = Debug|Any CPU
		{B8C9D0E1-2F3A-4B5C-6D7E-8F9A0B1C2D3E}.Debug|Any CPU.Build.0 = Debug|Any CPU
		{B8C9D0E1-2F3A-4B5C-6D7E-8F9A0B1C2D3E}.Release|Any CPU.ActiveCfg = Release|Any CPU
		{B8C9D0E1-2F3A-4B5C-6D7E-8F9A0B1C2D3E}.Release|Any CPU.Build.0 = Release|Any CPU
		{C9D0E1F2-3A4B-5C6D-7E8F-9A0B1C2D3E4F}.Debug|Any CPU.ActiveCfg = Debug|Any CPU
		{C9D0E1F2-3A4B-5C6D-7E8F-9A0B1C2D3E4F}.Debug|Any CPU.Build.0 = Debug|Any CPU
		{C9D0E1F2-3A4B-5C6D-7E8F-9A0B1C2D3E4F}.Release|Any CPU.ActiveCfg = Release|Any CPU
		{C9D0E1F2-3A4B-5C6D-7E8F-9A0B1C2D3E4F}.Release|Any CPU.Build.0 = Release|Any CPU
		{01DDE0C8-23B6-A6D2-6741-B8D7C1C5B014}.Debug|Any CPU.ActiveCfg = Debug|Any CPU
		{01DDE0C8-23B6-A6D2-6741-B8D7C1C5B014}.Debug|Any CPU.Build.0 = Debug|Any CPU
		{01DDE0C8-23B6-A6D2-6741-B8D7C1C5B014}.Release|Any CPU.ActiveCfg = Release|Any CPU
		{01DDE0C8-23B6-A6D2-6741-B8D7C1C5B014}.Release|Any CPU.Build.0 = Release|Any CPU
		{C50CF170-95CB-9E89-BF4D-6921EE60EDFC}.Debug|Any CPU.ActiveCfg = Debug|Any CPU
		{C50CF170-95CB-9E89-BF4D-6921EE60EDFC}.Debug|Any CPU.Build.0 = Debug|Any CPU
		{C50CF170-95CB-9E89-BF4D-6921EE60EDFC}.Release|Any CPU.ActiveCfg = Release|Any CPU
		{C50CF170-95CB-9E89-BF4D-6921EE60EDFC}.Release|Any CPU.Build.0 = Release|Any CPU
		{182B3651-4146-F034-1541-23A7FBE4F403}.Debug|Any CPU.ActiveCfg = Debug|Any CPU
		{182B3651-4146-F034-1541-23A7FBE4F403}.Debug|Any CPU.Build.0 = Debug|Any CPU
		{182B3651-4146-F034-1541-23A7FBE4F403}.Release|Any CPU.ActiveCfg = Release|Any CPU
		{182B3651-4146-F034-1541-23A7FBE4F403}.Release|Any CPU.Build.0 = Release|Any CPU
		{BBCC0E15-23D7-8D00-CB38-6F2F1F0E5977}.Debug|Any CPU.ActiveCfg = Debug|Any CPU
		{BBCC0E15-23D7-8D00-CB38-6F2F1F0E5977}.Debug|Any CPU.Build.0 = Debug|Any CPU
		{BBCC0E15-23D7-8D00-CB38-6F2F1F0E5977}.Release|Any CPU.ActiveCfg = Release|Any CPU
		{BBCC0E15-23D7-8D00-CB38-6F2F1F0E5977}.Release|Any CPU.Build.0 = Release|Any CPU
	EndGlobalSection
	GlobalSection(SolutionProperties) = preSolution
		HideSolutionNode = FALSE
	EndGlobalSection
	GlobalSection(ExtensibilityGlobals) = postSolution
		SolutionGuid = {4AFA5433-1F45-4DE9-A759-28A1C2EA1366}
	EndGlobalSection
EndGlobal
